{
  "requires": true,
  "lockfileVersion": 1,
  "dependencies": {
    "react-animations": {
      "version": "1.0.0",
      "resolved": "https://registry.npmjs.org/react-animations/-/react-animations-1.0.0.tgz",
      "integrity": "sha512-ePPpVgdKnNEXm+LP1ww5s3n0JzebBw9QdRfxRqogzeg1PDIn6kf0pmvgeTeVZQXXpGmHImkIeTiaQR1O6xjntA=="
    }
  }
}
